// !$*UTF8*$!
{
	archiveVersion = 1;
	classes = {
	};
	objectVersion = 56;
	objects = {

/* Begin PBXBuildFile section */
		046F2948296FFC100043F822 /* AppDelegate.swift in Sources */ = {isa = PBXBuildFile; fileRef = 046F2947296FFC100043F822 /* AppDelegate.swift */; };
		046F294A296FFC100043F822 /* SceneDelegate.swift in Sources */ = {isa = PBXBuildFile; fileRef = 046F2949296FFC100043F822 /* SceneDelegate.swift */; };
		046F294C296FFC100043F822 /* ViewController.swift in Sources */ = {isa = PBXBuildFile; fileRef = 046F294B296FFC100043F822 /* ViewController.swift */; };
		046F294F296FFC100043F822 /* Main.storyboard in Resources */ = {isa = PBXBuildFile; fileRef = 046F294D296FFC100043F822 /* Main.storyboard */; };
		046F2951296FFC130043F822 /* Assets.xcassets in Resources */ = {isa = PBXBuildFile; fileRef = 046F2950296FFC130043F822 /* Assets.xcassets */; };
		046F2954296FFC130043F822 /* LaunchScreen.storyboard in Resources */ = {isa = PBXBuildFile; fileRef = 046F2952296FFC130043F822 /* LaunchScreen.storyboard */; };
		046F295F296FFC130043F822 /* weatherAppTests.swift in Sources */ = {isa = PBXBuildFile; fileRef = 046F295E296FFC130043F822 /* weatherAppTests.swift */; };
		046F2969296FFC130043F822 /* weatherAppUITests.swift in Sources */ = {isa = PBXBuildFile; fileRef = 046F2968296FFC130043F822 /* weatherAppUITests.swift */; };
		046F296B296FFC130043F822 /* weatherAppUITestsLaunchTests.swift in Sources */ = {isa = PBXBuildFile; fileRef = 046F296A296FFC130043F822 /* weatherAppUITestsLaunchTests.swift */; };
/* End PBXBuildFile section */

/* Begin PBXContainerItemProxy section */
		046F295B296FFC130043F822 /* PBXContainerItemProxy */ = {
			isa = PBXContainerItemProxy;
			containerPortal = 046F293C296FFC100043F822 /* Project object */;
			proxyType = 1;
			remoteGlobalIDString = 046F2943296FFC100043F822;
			remoteInfo = weatherApp;
		};
		046F2965296FFC130043F822 /* PBXContainerItemProxy */ = {
			isa = PBXContainerItemProxy;
			containerPortal = 046F293C296FFC100043F822 /* Project object */;
			proxyType = 1;
			remoteGlobalIDString = 046F2943296FFC100043F822;
			remoteInfo = weatherApp;
		};
/* End PBXContainerItemProxy section */

/* Begin PBXFileReference section */
		046F2944296FFC100043F822 /* weatherApp.app */ = {isa = PBXFileReference; explicitFileType = wrapper.application; includeInIndex = 0; path = weatherApp.app; sourceTree = BUILT_PRODUCTS_DIR; };
		046F2947296FFC100043F822 /* AppDelegate.swift */ = {isa = PBXFileReference; lastKnownFileType = sourcecode.swift; path = AppDelegate.swift; sourceTree = "<group>"; };
		046F2949296FFC100043F822 /* SceneDelegate.swift */ = {isa = PBXFileReference; lastKnownFileType = sourcecode.swift; path = SceneDelegate.swift; sourceTree = "<group>"; };
		046F294B296FFC100043F822 /* ViewController.swift */ = {isa = PBXFileReference; lastKnownFileType = sourcecode.swift; path = ViewController.swift; sourceTree = "<group>"; };
		046F294E296FFC100043F822 /* Base */ = {isa = PBXFileReference; lastKnownFileType = file.storyboard; name = Base; path = Base.lproj/Main.storyboard; sourceTree = "<group>"; };
		046F2950296FFC130043F822 /* Assets.xcassets */ = {isa = PBXFileReference; lastKnownFileType = folder.assetcatalog; path = Assets.xcassets; sourceTree = "<group>"; };
		046F2953296FFC130043F822 /* Base */ = {isa = PBXFileReference; lastKnownFileType = file.storyboard; name = Base; path = Base.lproj/LaunchScreen.storyboard; sourceTree = "<group>"; };
		046F2955296FFC130043F822 /* Info.plist */ = {isa = PBXFileReference; lastKnownFileType = text.plist.xml; path = Info.plist; sourceTree = "<group>"; };
		046F295A296FFC130043F822 /* weatherAppTests.xctest */ = {isa = PBXFileReference; explicitFileType = wrapper.cfbundle; includeInIndex = 0; path = weatherAppTests.xctest; sourceTree = BUILT_PRODUCTS_DIR; };
		046F295E296FFC130043F822 /* weatherAppTests.swift */ = {isa = PBXFileReference; lastKnownFileType = sourcecode.swift; path = weatherAppTests.swift; sourceTree = "<group>"; };
		046F2964296FFC130043F822 /* weatherAppUITests.xctest */ = {isa = PBXFileReference; explicitFileType = wrapper.cfbundle; includeInIndex = 0; path = weatherAppUITests.xctest; sourceTree = BUILT_PRODUCTS_DIR; };
		046F2968296FFC130043F822 /* weatherAppUITests.swift */ = {isa = PBXFileReference; lastKnownFileType = sourcecode.swift; path = weatherAppUITests.swift; sourceTree = "<group>"; };
		046F296A296FFC130043F822 /* weatherAppUITestsLaunchTests.swift */ = {isa = PBXFileReference; lastKnownFileType = sourcecode.swift; path = weatherAppUITestsLaunchTests.swift; sourceTree = "<group>"; };
/* End PBXFileReference section */

/* Begin PBXFrameworksBuildPhase section */
		046F2941296FFC100043F822 /* Frameworks */ = {
			isa = PBXFrameworksBuildPhase;
			buildActionMask = 2147483647;
			files = (
			);
			runOnlyForDeploymentPostprocessing = 0;
		};
		046F2957296FFC130043F822 /* Frameworks */ = {
			isa = PBXFrameworksBuildPhase;
			buildActionMask = 2147483647;
			files = (
			);
			runOnlyForDeploymentPostprocessing = 0;
		};
		046F2961296FFC130043F822 /* Frameworks */ = {
			isa = PBXFrameworksBuildPhase;
			buildActionMask = 2147483647;
			files = (
			);
			runOnlyForDeploymentPostprocessing = 0;
		};
/* End PBXFrameworksBuildPhase section */

/* Begin PBXGroup section */
		046F293B296FFC100043F822 = {
			isa = PBXGroup;
			children = (
				046F2946296FFC100043F822 /* weatherApp */,
				046F295D296FFC130043F822 /* weatherAppTests */,
				046F2967296FFC130043F822 /* weatherAppUITests */,
				046F2945296FFC100043F822 /* Products */,
			);
			sourceTree = "<group>";
		};
		046F2945296FFC100043F822 /* Products */ = {
			isa = PBXGroup;
			children = (
				046F2944296FFC100043F822 /* weatherApp.app */,
				046F295A296FFC130043F822 /* weatherAppTests.xctest */,
				046F2964296FFC130043F822 /* weatherAppUITests.xctest */,
			);
			name = Products;
			sourceTree = "<group>";
		};
		046F2946296FFC100043F822 /* weatherApp */ = {
			isa = PBXGroup;
			children = (
				046F2947296FFC100043F822 /* AppDelegate.swift */,
				046F2949296FFC100043F822 /* SceneDelegate.swift */,
				046F294B296FFC100043F822 /* ViewController.swift */,
				046F294D296FFC100043F822 /* Main.storyboard */,
				046F2950296FFC130043F822 /* Assets.xcassets */,
				046F2952296FFC130043F822 /* LaunchScreen.storyboard */,
				046F2955296FFC130043F822 /* Info.plist */,
			);
			path = weatherApp;
			sourceTree = "<group>";
		};
		046F295D296FFC130043F822 /* weatherAppTests */ = {
			isa = PBXGroup;
			children = (
				046F295E296FFC130043F822 /* weatherAppTests.swift */,
			);
			path = weatherAppTests;
			sourceTree = "<group>";
		};
		046F2967296FFC130043F822 /* weatherAppUITests */ = {
			isa = PBXGroup;
			children = (
				046F2968296FFC130043F822 /* weatherAppUITests.swift */,
				046F296A296FFC130043F822 /* weatherAppUITestsLaunchTests.swift */,
			);
			path = weatherAppUITests;
			sourceTree = "<group>";
		};
/* End PBXGroup section */

/* Begin PBXNativeTarget section */
		046F2943296FFC100043F822 /* weatherApp */ = {
			isa = PBXNativeTarget;
			buildConfigurationList = 046F296E296FFC130043F822 /* Build configuration list for PBXNativeTarget "weatherApp" */;
			buildPhases = (
				046F2940296FFC100043F822 /* Sources */,
				046F2941296FFC100043F822 /* Frameworks */,
				046F2942296FFC100043F822 /* Resources */,
			);
			buildRules = (
			);
			dependencies = (
			);
			name = weatherApp;
			productName = weatherApp;
			productReference = 046F2944296FFC100043F822 /* weatherApp.app */;
			productType = "com.apple.product-type.application";
		};
		046F2959296FFC130043F822 /* weatherAppTests */ = {
			isa = PBXNativeTarget;
			buildConfigurationList = 046F2971296FFC130043F822 /* Build configuration list for PBXNativeTarget "weatherAppTests" */;
			buildPhases = (
				046F2956296FFC130043F822 /* Sources */,
				046F2957296FFC130043F822 /* Frameworks */,
				046F2958296FFC130043F822 /* Resources */,
			);
			buildRules = (
			);
			dependencies = (
				046F295C296FFC130043F822 /* PBXTargetDependency */,
			);
			name = weatherAppTests;
			productName = weatherAppTests;
			productReference = 046F295A296FFC130043F822 /* weatherAppTests.xctest */;
			productType = "com.apple.product-type.bundle.unit-test";
		};
		046F2963296FFC130043F822 /* weatherAppUITests */ = {
			isa = PBXNativeTarget;
			buildConfigurationList = 046F2974296FFC130043F822 /* Build configuration list for PBXNativeTarget "weatherAppUITests" */;
			buildPhases = (
				046F2960296FFC130043F822 /* Sources */,
				046F2961296FFC130043F822 /* Frameworks */,
				046F2962296FFC130043F822 /* Resources */,
			);
			buildRules = (
			);
			dependencies = (
				046F2966296FFC130043F822 /* PBXTargetDependency */,
			);
			name = weatherAppUITests;
			productName = weatherAppUITests;
			productReference = 046F2964296FFC130043F822 /* weatherAppUITests.xctest */;
			productType = "com.apple.product-type.bundle.ui-testing";
		};
/* End PBXNativeTarget section */

/* Begin PBXProject section */
		046F293C296FFC100043F822 /* Project object */ = {
			isa = PBXProject;
			attributes = {
				BuildIndependentTargetsInParallel = 1;
				LastSwiftUpdateCheck = 1420;
				LastUpgradeCheck = 1420;
				TargetAttributes = {
					046F2943296FFC100043F822 = {
						CreatedOnToolsVersion = 14.2;
					};
					046F2959296FFC130043F822 = {
						CreatedOnToolsVersion = 14.2;
						TestTargetID = 046F2943296FFC100043F822;
					};
					046F2963296FFC130043F822 = {
						CreatedOnToolsVersion = 14.2;
						TestTargetID = 046F2943296FFC100043F822;
					};
				};
			};
			buildConfigurationList = 046F293F296FFC100043F822 /* Build configuration list for PBXProject "weatherApp" */;
			compatibilityVersion = "Xcode 14.0";
			developmentRegion = en;
			hasScannedForEncodings = 0;
			knownRegions = (
				en,
				Base,
			);
			mainGroup = 046F293B296FFC100043F822;
			productRefGroup = 046F2945296FFC100043F822 /* Products */;
			projectDirPath = "";
			projectRoot = "";
			targets = (
				046F2943296FFC100043F822 /* weatherApp */,
				046F2959296FFC130043F822 /* weatherAppTests */,
				046F2963296FFC130043F822 /* weatherAppUITests */,
			);
		};
/* End PBXProject section */

/* Begin PBXResourcesBuildPhase section */
		046F2942296FFC100043F822 /* Resources */ = {
			isa = PBXResourcesBuildPhase;
			buildActionMask = 2147483647;
			files = (
				046F2954296FFC130043F822 /* LaunchScreen.storyboard in Resources */,
				046F2951296FFC130043F822 /* Assets.xcassets in Resources */,
				046F294F296FFC100043F822 /* Main.storyboard in Resources */,
			);
			runOnlyForDeploymentPostprocessing = 0;
		};
		046F2958296FFC130043F822 /* Resources */ = {
			isa = PBXResourcesBuildPhase;
			buildActionMask = 2147483647;
			files = (
			);
			runOnlyForDeploymentPostprocessing = 0;
		};
		046F2962296FFC130043F822 /* Resources */ = {
			isa = PBXResourcesBuildPhase;
			buildActionMask = 2147483647;
			files = (
			);
			runOnlyForDeploymentPostprocessing = 0;
		};
/* End PBXResourcesBuildPhase section */

/* Begin PBXSourcesBuildPhase section */
		046F2940296FFC100043F822 /* Sources */ = {
			isa = PBXSourcesBuildPhase;
			buildActionMask = 2147483647;
			files = (
				046F294C296FFC100043F822 /* ViewController.swift in Sources */,
				046F2948296FFC100043F822 /* AppDelegate.swift in Sources */,
				046F294A296FFC100043F822 /* SceneDelegate.swift in Sources */,
			);
			runOnlyForDeploymentPostprocessing = 0;
		};
		046F2956296FFC130043F822 /* Sources */ = {
			isa = PBXSourcesBuildPhase;
			buildActionMask = 2147483647;
			files = (
				046F295F296FFC130043F822 /* weatherAppTests.swift in Sources */,
			);
			runOnlyForDeploymentPostprocessing = 0;
		};
		046F2960296FFC130043F822 /* Sources */ = {
			isa = PBXSourcesBuildPhase;
			buildActionMask = 2147483647;
			files = (
				046F2969296FFC130043F822 /* weatherAppUITests.swift in Sources */,
				046F296B296FFC130043F822 /* weatherAppUITestsLaunchTests.swift in Sources */,
			);
			runOnlyForDeploymentPostprocessing = 0;
		};
/* End PBXSourcesBuildPhase section */

/* Begin PBXTargetDependency section */
		046F295C296FFC130043F822 /* PBXTargetDependency */ = {
			isa = PBXTargetDependency;
			target = 046F2943296FFC100043F822 /* weatherApp */;
			targetProxy = 046F295B296FFC130043F822 /* PBXContainerItemProxy */;
		};
		046F2966296FFC130043F822 /* PBXTargetDependency */ = {
			isa = PBXTargetDependency;
			target = 046F2943296FFC100043F822 /* weatherApp */;
			targetProxy = 046F2965296FFC130043F822 /* PBXContainerItemProxy */;
		};
/* End PBXTargetDependency section */

/* Begin PBXVariantGroup section */
		046F294D296FFC100043F822 /* Main.storyboard */ = {
			isa = PBXVariantGroup;
			children = (
				046F294E296FFC100043F822 /* Base */,
			);
			name = Main.storyboard;
			sourceTree = "<group>";
		};
		046F2952296FFC130043F822 /* LaunchScreen.storyboard */ = {
			isa = PBXVariantGroup;
			children = (
				046F2953296FFC130043F822 /* Base */,
			);
			name = LaunchScreen.storyboard;
			sourceTree = "<group>";
		};
/* End PBXVariantGroup section */

/* Begin XCBuildConfiguration section */
		046F296C296FFC130043F822 /* Debug */ = {
			isa = XCBuildConfiguration;
			buildSettings = {
				ALWAYS_SEARCH_USER_PATHS = NO;
				CLANG_ANALYZER_NONNULL = YES;
				CLANG_ANALYZER_NUMBER_OBJECT_CONVERSION = YES_AGGRESSIVE;
				CLANG_CXX_LANGUAGE_STANDARD = "gnu++20";
				CLANG_ENABLE_MODULES = YES;
				CLANG_ENABLE_OBJC_ARC = YES;
				CLANG_ENABLE_OBJC_WEAK = YES;
				CLANG_WARN_BLOCK_CAPTURE_AUTORELEASING = YES;
				CLANG_WARN_BOOL_CONVERSION = YES;
				CLANG_WARN_COMMA = YES;
				CLANG_WARN_CONSTANT_CONVERSION = YES;
				CLANG_WARN_DEPRECATED_OBJC_IMPLEMENTATIONS = YES;
				CLANG_WARN_DIRECT_OBJC_ISA_USAGE = YES_ERROR;
				CLANG_WARN_DOCUMENTATION_COMMENTS = YES;
				CLANG_WARN_EMPTY_BODY = YES;
				CLANG_WARN_ENUM_CONVERSION = YES;
				CLANG_WARN_INFINITE_RECURSION = YES;
				CLANG_WARN_INT_CONVERSION = YES;
				CLANG_WARN_NON_LITERAL_NULL_CONVERSION = YES;
				CLANG_WARN_OBJC_IMPLICIT_RETAIN_SELF = YES;
				CLANG_WARN_OBJC_LITERAL_CONVERSION = YES;
				CLANG_WARN_OBJC_ROOT_CLASS = YES_ERROR;
				CLANG_WARN_QUOTED_INCLUDE_IN_FRAMEWORK_HEADER = YES;
				CLANG_WARN_RANGE_LOOP_ANALYSIS = YES;
				CLANG_WARN_STRICT_PROTOTYPES = YES;
				CLANG_WARN_SUSPICIOUS_MOVE = YES;
				CLANG_WARN_UNGUARDED_AVAILABILITY = YES_AGGRESSIVE;
				CLANG_WARN_UNREACHABLE_CODE = YES;
				CLANG_WARN__DUPLICATE_METHOD_MATCH = YES;
				COPY_PHASE_STRIP = NO;
				DEBUG_INFORMATION_FORMAT = dwarf;
				ENABLE_STRICT_OBJC_MSGSEND = YES;
				ENABLE_TESTABILITY = YES;
				GCC_C_LANGUAGE_STANDARD = gnu11;
				GCC_DYNAMIC_NO_PIC = NO;
				GCC_NO_COMMON_BLOCKS = YES;
				GCC_OPTIMIZATION_LEVEL = 0;
				GCC_PREPROCESSOR_DEFINITIONS = (
					"DEBUG=1",
					"$(inherited)",
				);
				GCC_WARN_64_TO_32_BIT_CONVERSION = YES;
				GCC_WARN_ABOUT_RETURN_TYPE = YES_ERROR;
				GCC_WARN_UNDECLARED_SELECTOR = YES;
				GCC_WARN_UNINITIALIZED_AUTOS = YES_AGGRESSIVE;
				GCC_WARN_UNUSED_FUNCTION = YES;
				GCC_WARN_UNUSED_VARIABLE = YES;
				IPHONEOS_DEPLOYMENT_TARGET = 16.2;
				MTL_ENABLE_DEBUG_INFO = INCLUDE_SOURCE;
				MTL_FAST_MATH = YES;
				ONLY_ACTIVE_ARCH = YES;
				SDKROOT = iphoneos;
				SWIFT_ACTIVE_COMPILATION_CONDITIONS = DEBUG;
				SWIFT_OPTIMIZATION_LEVEL = "-Onone";
			};
			name = Debug;
		};
		046F296D296FFC130043F822 /* Release */ = {
			isa = XCBuildConfiguration;
			buildSettings = {
				ALWAYS_SEARCH_USER_PATHS = NO;
				CLANG_ANALYZER_NONNULL = YES;
				CLANG_ANALYZER_NUMBER_OBJECT_CONVERSION = YES_AGGRESSIVE;
				CLANG_CXX_LANGUAGE_STANDARD = "gnu++20";
				CLANG_ENABLE_MODULES = YES;
				CLANG_ENABLE_OBJC_ARC = YES;
				CLANG_ENABLE_OBJC_WEAK = YES;
				CLANG_WARN_BLOCK_CAPTURE_AUTORELEASING = YES;
				CLANG_WARN_BOOL_CONVERSION = YES;
				CLANG_WARN_COMMA = YES;
				CLANG_WARN_CONSTANT_CONVERSION = YES;
				CLANG_WARN_DEPRECATED_OBJC_IMPLEMENTATIONS = YES;
				CLANG_WARN_DIRECT_OBJC_ISA_USAGE = YES_ERROR;
				CLANG_WARN_DOCUMENTATION_COMMENTS = YES;
				CLANG_WARN_EMPTY_BODY = YES;
				CLANG_WARN_ENUM_CONVERSION = YES;
				CLANG_WARN_INFINITE_RECURSION = YES;
				CLANG_WARN_INT_CONVERSION = YES;
				CLANG_WARN_NON_LITERAL_NULL_CONVERSION = YES;
				CLANG_WARN_OBJC_IMPLICIT_RETAIN_SELF = YES;
				CLANG_WARN_OBJC_LITERAL_CONVERSION = YES;
				CLANG_WARN_OBJC_ROOT_CLASS = YES_ERROR;
				CLANG_WARN_QUOTED_INCLUDE_IN_FRAMEWORK_HEADER = YES;
				CLANG_WARN_RANGE_LOOP_ANALYSIS = YES;
				CLANG_WARN_STRICT_PROTOTYPES = YES;
				CLANG_WARN_SUSPICIOUS_MOVE = YES;
				CLANG_WARN_UNGUARDED_AVAILABILITY = YES_AGGRESSIVE;
				CLANG_WARN_UNREACHABLE_CODE = YES;
				CLANG_WARN__DUPLICATE_METHOD_MATCH = YES;
				COPY_PHASE_STRIP = NO;
				DEBUG_INFORMATION_FORMAT = "dwarf-with-dsym";
				ENABLE_NS_ASSERTIONS = NO;
				ENABLE_STRICT_OBJC_MSGSEND = YES;
				GCC_C_LANGUAGE_STANDARD = gnu11;
				GCC_NO_COMMON_BLOCKS = YES;
				GCC_WARN_64_TO_32_BIT_CONVERSION = YES;
				GCC_WARN_ABOUT_RETURN_TYPE = YES_ERROR;
				GCC_WARN_UNDECLARED_SELECTOR = YES;
				GCC_WARN_UNINITIALIZED_AUTOS = YES_AGGRESSIVE;
				GCC_WARN_UNUSED_FUNCTION = YES;
				GCC_WARN_UNUSED_VARIABLE = YES;
				IPHONEOS_DEPLOYMENT_TARGET = 16.2;
				MTL_ENABLE_DEBUG_INFO = NO;
				MTL_FAST_MATH = YES;
				SDKROOT = iphoneos;
				SWIFT_COMPILATION_MODE = wholemodule;
				SWIFT_OPTIMIZATION_LEVEL = "-O";
				VALIDATE_PRODUCT = YES;
			};
			name = Release;
		};
		046F296F296FFC130043F822 /* Debug */ = {
			isa = XCBuildConfiguration;
			buildSettings = {
				ASSETCATALOG_COMPILER_APPICON_NAME = AppIcon;
				ASSETCATALOG_COMPILER_GLOBAL_ACCENT_COLOR_NAME = AccentColor;
				CODE_SIGN_STYLE = Automatic;
				CURRENT_PROJECT_VERSION = 1;
				GENERATE_INFOPLIST_FILE = YES;
				INFOPLIST_FILE = weatherApp/Info.plist;
				INFOPLIST_KEY_UIApplicationSupportsIndirectInputEvents = YES;
				INFOPLIST_KEY_UILaunchStoryboardName = LaunchScreen;
				INFOPLIST_KEY_UIMainStoryboardFile = Main;
				INFOPLIST_KEY_UISupportedInterfaceOrientations_iPad = "UIInterfaceOrientationPortrait UIInterfaceOrientationPortraitUpsideDown UIInterfaceOrientationLandscapeLeft UIInterfaceOrientationLandscapeRight";
				INFOPLIST_KEY_UISupportedInterfaceOrientations_iPhone = "UIInterfaceOrientationPortrait UIInterfaceOrientationLandscapeLeft UIInterfaceOrientationLandscapeRight";
				LD_RUNPATH_SEARCH_PATHS = (
					"$(inherited)",
					"@executable_path/Frameworks",
				);
				MARKETING_VERSION = 1.0;
				PRODUCT_BUNDLE_IDENTIFIER = kuppylee.weatherApp;
				PRODUCT_NAME = "$(TARGET_NAME)";
				SWIFT_EMIT_LOC_STRINGS = YES;
				SWIFT_VERSION = 5.0;
				TARGETED_DEVICE_FAMILY = "1,2";
			};
			name = Debug;
		};
		046F2970296FFC130043F822 /* Release */ = {
			isa = XCBuildConfiguration;
			buildSettings = {
				ASSETCATALOG_COMPILER_APPICON_NAME = AppIcon;
				ASSETCATALOG_COMPILER_GLOBAL_ACCENT_COLOR_NAME = AccentColor;
				CODE_SIGN_STYLE = Automatic;
				CURRENT_PROJECT_VERSION = 1;
				GENERATE_INFOPLIST_FILE = YES;
				INFOPLIST_FILE = weatherApp/Info.plist;
				INFOPLIST_KEY_UIApplicationSupportsIndirectInputEvents = YES;
				INFOPLIST_KEY_UILaunchStoryboardName = LaunchScreen;
				INFOPLIST_KEY_UIMainStoryboardFile = Main;
				INFOPLIST_KEY_UISupportedInterfaceOrientations_iPad = "UIInterfaceOrientationPortrait UIInterfaceOrientationPortraitUpsideDown UIInterfaceOrientationLandscapeLeft UIInterfaceOrientationLandscapeRight";
				INFOPLIST_KEY_UISupportedInterfaceOrientations_iPhone = "UIInterfaceOrientationPortrait UIInterfaceOrientationLandscapeLeft UIInterfaceOrientationLandscapeRight";
				LD_RUNPATH_SEARCH_PATHS = (
					"$(inherited)",
					"@executable_path/Frameworks",
				);
				MARKETING_VERSION = 1.0;
				PRODUCT_BUNDLE_IDENTIFIER = kuppylee.weatherApp;
				PRODUCT_NAME = "$(TARGET_NAME)";
				SWIFT_EMIT_LOC_STRINGS = YES;
				SWIFT_VERSION = 5.0;
				TARGETED_DEVICE_FAMILY = "1,2";
			};
			name = Release;
		};
		046F2972296FFC130043F822 /* Debug */ = {
			isa = XCBuildConfiguration;
			buildSettings = {
				ALWAYS_EMBED_SWIFT_STANDARD_LIBRARIES = YES;
				BUNDLE_LOADER = "$(TEST_HOST)";
				CODE_SIGN_STYLE = Automatic;
				CURRENT_PROJECT_VERSION = 1;
				GENERATE_INFOPLIST_FILE = YES;
				IPHONEOS_DEPLOYMENT_TARGET = 16.2;
				MARKETING_VERSION = 1.0;
				PRODUCT_BUNDLE_IDENTIFIER = kuppylee.weatherAppTests;
				PRODUCT_NAME = "$(TARGET_NAME)";
				SWIFT_EMIT_LOC_STRINGS = NO;
				SWIFT_VERSION = 5.0;
				TARGETED_DEVICE_FAMILY = "1,2";
				TEST_HOST = "$(BUILT_PRODUCTS_DIR)/weatherApp.app/$(BUNDLE_EXECUTABLE_FOLDER_PATH)/weatherApp";
			};
			name = Debug;
		};
		046F2973296FFC130043F822 /* Release */ = {
			isa = XCBuildConfiguration;
			buildSettings = {
				ALWAYS_EMBED_SWIFT_STANDARD_LIBRARIES = YES;
				BUNDLE_LOADER = "$(TEST_HOST)";
				CODE_SIGN_STYLE = Automatic;
				CURRENT_PROJECT_VERSION = 1;
				GENERATE_INFOPLIST_FILE = YES;
				IPHONEOS_DEPLOYMENT_TARGET = 16.2;
				MARKETING_VERSION = 1.0;
				PRODUCT_BUNDLE_IDENTIFIER = kuppylee.weatherAppTests;
				PRODUCT_NAME = "$(TARGET_NAME)";
				SWIFT_EMIT_LOC_STRINGS = NO;
				SWIFT_VERSION = 5.0;
				TARGETED_DEVICE_FAMILY = "1,2";
				TEST_HOST = "$(BUILT_PRODUCTS_DIR)/weatherApp.app/$(BUNDLE_EXECUTABLE_FOLDER_PATH)/weatherApp";
			};
			name = Release;
		};
		046F2975296FFC130043F822 /* Debug */ = {
			isa = XCBuildConfiguration;
			buildSettings = {
				ALWAYS_EMBED_SWIFT_STANDARD_LIBRARIES = YES;
				CODE_SIGN_STYLE = Automatic;
				CURRENT_PROJECT_VERSION = 1;
				GENERATE_INFOPLIST_FILE = YES;
				MARKETING_VERSION = 1.0;
				PRODUCT_BUNDLE_IDENTIFIER = kuppylee.weatherAppUITests;
				PRODUCT_NAME = "$(TARGET_NAME)";
				SWIFT_EMIT_LOC_STRINGS = NO;
				SWIFT_VERSION = 5.0;
				TARGETED_DEVICE_FAMILY = "1,2";
				TEST_TARGET_NAME = weatherApp;
			};
			name = Debug;
		};
		046F2976296FFC130043F822 /* Release */ = {
			isa = XCBuildConfiguration;
			buildSettings = {
				ALWAYS_EMBED_SWIFT_STANDARD_LIBRARIES = YES;
				CODE_SIGN_STYLE = Automatic;
				CURRENT_PROJECT_VERSION = 1;
				GENERATE_INFOPLIST_FILE = YES;
				MARKETING_VERSION = 1.0;
				PRODUCT_BUNDLE_IDENTIFIER = kuppylee.weatherAppUITests;
				PRODUCT_NAME = "$(TARGET_NAME)";
				SWIFT_EMIT_LOC_STRINGS = NO;
				SWIFT_VERSION = 5.0;
				TARGETED_DEVICE_FAMILY = "1,2";
				TEST_TARGET_NAME = weatherApp;
			};
			name = Release;
		};
/* End XCBuildConfiguration section */

/* Begin XCConfigurationList section */
		046F293F296FFC100043F822 /* Build configuration list for PBXProject "weatherApp" */ = {
			isa = XCConfigurationList;
			buildConfigurations = (
				046F296C296FFC130043F822 /* Debug */,
				046F296D296FFC130043F822 /* Release */,
			);
			defaultConfigurationIsVisible = 0;
			defaultConfigurationName = Release;
		};
		046F296E296FFC130043F822 /* Build configuration list for PBXNativeTarget "weatherApp" */ = {
			isa = XCConfigurationList;
			buildConfigurations = (
				046F296F296FFC130043F822 /* Debug */,
				046F2970296FFC130043F822 /* Release */,
			);
			defaultConfigurationIsVisible = 0;
			defaultConfigurationName = Release;
		};
		046F2971296FFC130043F822 /* Build configuration list for PBXNativeTarget "weatherAppTests" */ = {
			isa = XCConfigurationList;
			buildConfigurations = (
				046F2972296FFC130043F822 /* Debug */,
				046F2973296FFC130043F822 /* Release */,
			);
			defaultConfigurationIsVisible = 0;
			defaultConfigurationName = Release;
		};
		046F2974296FFC130043F822 /* Build configuration list for PBXNativeTarget "weatherAppUITests" */ = {
			isa = XCConfigurationList;
			buildConfigurations = (
				046F2975296FFC130043F822 /* Debug */,
				046F2976296FFC130043F822 /* Release */,
			);
			defaultConfigurationIsVisible = 0;
			defaultConfigurationName = Release;
		};
/* End XCConfigurationList section */
	};
	rootObject = 046F293C296FFC100043F822 /* Project object */;
}
